// !$*UTF8*$!
{
	archiveVersion = 1;
	classes = {
	};
	objectVersion = 50;
	objects = {

/* Begin PBXBuildFile section */
		D3C4BE7923679CE400318985 /* AppDelegate.swift in Sources */ = {isa = PBXBuildFile; fileRef = D3C4BE7823679CE400318985 /* AppDelegate.swift */; };
		D3C4BE7B23679CE400318985 /* SceneDelegate.swift in Sources */ = {isa = PBXBuildFile; fileRef = D3C4BE7A23679CE400318985 /* SceneDelegate.swift */; };
		D3C4BE7D23679CE400318985 /* ContentView.swift in Sources */ = {isa = PBXBuildFile; fileRef = D3C4BE7C23679CE400318985 /* ContentView.swift */; };
		D3C4BE7F23679CE500318985 /* Assets.xcassets in Resources */ = {isa = PBXBuildFile; fileRef = D3C4BE7E23679CE500318985 /* Assets.xcassets */; };
		D3C4BE8223679CE500318985 /* Preview Assets.xcassets in Resources */ = {isa = PBXBuildFile; fileRef = D3C4BE8123679CE500318985 /* Preview Assets.xcassets */; };
		D3C4BE8523679CE500318985 /* LaunchScreen.storyboard in Resources */ = {isa = PBXBuildFile; fileRef = D3C4BE8323679CE500318985 /* LaunchScreen.storyboard */; };
/* End PBXBuildFile section */

/* Begin PBXFileReference section */
		D3C4BE7523679CE400318985 /* BreakpointOnError.app */ = {isa = PBXFileReference; explicitFileType = wrapper.application; includeInIndex = 0; path = BreakpointOnError.app; sourceTree = BUILT_PRODUCTS_DIR; };
		D3C4BE7823679CE400318985 /* AppDelegate.swift */ = {isa = PBXFileReference; lastKnownFileType = sourcecode.swift; path = AppDelegate.swift; sourceTree = "<group>"; };
		D3C4BE7A23679CE400318985 /* SceneDelegate.swift */ = {isa = PBXFileReference; lastKnownFileType = sourcecode.swift; path = SceneDelegate.swift; sourceTree = "<group>"; };
		D3C4BE7C23679CE400318985 /* ContentView.swift */ = {isa = PBXFileReference; lastKnownFileType = sourcecode.swift; path = ContentView.swift; sourceTree = "<group>"; };
		D3C4BE7E23679CE500318985 /* Assets.xcassets */ = {isa = PBXFileReference; lastKnownFileType = folder.assetcatalog; path = Assets.xcassets; sourceTree = "<group>"; };
		D3C4BE8123679CE500318985 /* Preview Assets.xcassets */ = {isa = PBXFileReference; lastKnownFileType = folder.assetcatalog; path = "Preview Assets.xcassets"; sourceTree = "<group>"; };
		D3C4BE8423679CE500318985 /* Base */ = {isa = PBXFileReference; lastKnownFileType = file.storyboard; name = Base; path = Base.lproj/LaunchScreen.storyboard; sourceTree = "<group>"; };
		D3C4BE8623679CE500318985 /* Info.plist */ = {isa = PBXFileReference; lastKnownFileType = text.plist.xml; path = Info.plist; sourceTree = "<group>"; };
/* End PBXFileReference section */

/* Begin PBXFrameworksBuildPhase section */
		D3C4BE7223679CE400318985 /* Frameworks */ = {
			isa = PBXFrameworksBuildPhase;
			buildActionMask = 2147483647;
			files = (
			);
			runOnlyForDeploymentPostprocessing = 0;
		};
/* End PBXFrameworksBuildPhase section */

/* Begin PBXGroup section */
		D3C4BE6C23679CE400318985 = {
			isa = PBXGroup;
			children = (
				D3C4BE7723679CE400318985 /* BreakpointOnError */,
				D3C4BE7623679CE400318985 /* Products */,
			);
			sourceTree = "<group>";
		};
		D3C4BE7623679CE400318985 /* Products */ = {
			isa = PBXGroup;
			children = (
				D3C4BE7523679CE400318985 /* BreakpointOnError.app */,
			);
			name = Products;
			sourceTree = "<group>";
		};
		D3C4BE7723679CE400318985 /* BreakpointOnError */ = {
			isa = PBXGroup;
			children = (
				D3C4BE7823679CE400318985 /* AppDelegate.swift */,
				D3C4BE7A23679CE400318985 /* SceneDelegate.swift */,
				D3C4BE7C23679CE400318985 /* ContentView.swift */,
				D3C4BE7E23679CE500318985 /* Assets.xcassets */,
				D3C4BE8323679CE500318985 /* LaunchScreen.storyboard */,
				D3C4BE8623679CE500318985 /* Info.plist */,
				D3C4BE8023679CE500318985 /* Preview Content */,
			);
			path = BreakpointOnError;
			sourceTree = "<group>";
		};
		D3C4BE8023679CE500318985 /* Preview Content */ = {
			isa = PBXGroup;
			children = (
				D3C4BE8123679CE500318985 /* Preview Assets.xcassets */,
			);
			path = "Preview Content";
			sourceTree = "<group>";
		};
/* End PBXGroup section */

/* Begin PBXNativeTarget section */
		D3C4BE7423679CE400318985 /* BreakpointOnError */ = {
			isa = PBXNativeTarget;
			buildConfigurationList = D3C4BE8923679CE500318985 /* Build configuration list for PBXNativeTarget "BreakpointOnError" */;
			buildPhases = (
				D3C4BE7123679CE400318985 /* Sources */,
				D3C4BE7223679CE400318985 /* Frameworks */,
				D3C4BE7323679CE400318985 /* Resources */,
			);
			buildRules = (
			);
			dependencies = (
			);
			name = BreakpointOnError;
			productName = BreakpointOnError;
			productReference = D3C4BE7523679CE400318985 /* BreakpointOnError.app */;
			productType = "com.apple.product-type.application";
		};
/* End PBXNativeTarget section */

/* Begin PBXProject section */
		D3C4BE6D23679CE400318985 /* Project object */ = {
			isa = PBXProject;
			attributes = {
				LastSwiftUpdateCheck = 1100;
				LastUpgradeCheck = 1100;
				ORGANIZATIONNAME = com.github.albertopeam;
				TargetAttributes = {
					D3C4BE7423679CE400318985 = {
						CreatedOnToolsVersion = 11.0;
					};
				};
			};
			buildConfigurationList = D3C4BE7023679CE400318985 /* Build configuration list for PBXProject "BreakpointOnError" */;
			compatibilityVersion = "Xcode 9.3";
			developmentRegion = en;
			hasScannedForEncodings = 0;
			knownRegions = (
				en,
				Base,
			);
			mainGroup = D3C4BE6C23679CE400318985;
			productRefGroup = D3C4BE7623679CE400318985 /* Products */;
			projectDirPath = "";
			projectRoot = "";
			targets = (
				D3C4BE7423679CE400318985 /* BreakpointOnError */,
			);
		};
/* End PBXProject section */

/* Begin PBXResourcesBuildPhase section */
		D3C4BE7323679CE400318985 /* Resources */ = {
			isa = PBXResourcesBuildPhase;
			buildActionMask = 2147483647;
			files = (
				D3C4BE8523679CE500318985 /* LaunchScreen.storyboard in Resources */,
				D3C4BE8223679CE500318985 /* Preview Assets.xcassets in Resources */,
				D3C4BE7F23679CE500318985 /* Assets.xcassets in Resources */,
			);
			runOnlyForDeploymentPostprocessing = 0;
		};
/* End PBXResourcesBuildPhase section */

/* Begin PBXSourcesBuildPhase section */
		D3C4BE7123679CE400318985 /* Sources */ = {
			isa = PBXSourcesBuildPhase;
			buildActionMask = 2147483647;
			files = (
				D3C4BE7923679CE400318985 /* AppDelegate.swift in Sources */,
				D3C4BE7B23679CE400318985 /* SceneDelegate.swift in Sources */,
				D3C4BE7D23679CE400318985 /* ContentView.swift in Sources */,
			);
			runOnlyForDeploymentPostprocessing = 0;
		};
/* End PBXSourcesBuildPhase section */

/* Begin PBXVariantGroup section */
		D3C4BE8323679CE500318985 /* LaunchScreen.storyboard */ = {
			isa = PBXVariantGroup;
			children = (
				D3C4BE8423679CE500318985 /* Base */,
			);
			name = LaunchScreen.storyboard;
			sourceTree = "<group>";
		};
/* End PBXVariantGroup section */

/* Begin XCBuildConfiguration section */
		D3C4BE8723679CE500318985 /* Debug */ = {
			isa = XCBuildConfiguration;
			buildSettings = {
				ALWAYS_SEARCH_USER_PATHS = NO;
				CLANG_ANALYZER_NONNULL = YES;
				CLANG_ANALYZER_NUMBER_OBJECT_CONVERSION = YES_AGGRESSIVE;
				CLANG_CXX_LANGUAGE_STANDARD = "gnu++14";
				CLANG_CXX_LIBRARY = "libc++";
				CLANG_ENABLE_MODULES = YES;
				CLANG_ENABLE_OBJC_ARC = YES;
				CLANG_ENABLE_OBJC_WEAK = YES;
				CLANG_WARN_BLOCK_CAPTURE_AUTORELEASING = YES;
				CLANG_WARN_BOOL_CONVERSION = YES;
				CLANG_WARN_COMMA = YES;
				CLANG_WARN_CONSTANT_CONVERSION = YES;
				CLANG_WARN_DEPRECATED_OBJC_IMPLEMENTATIONS = YES;
				CLANG_WARN_DIRECT_OBJC_ISA_USAGE = YES_ERROR;
				CLANG_WARN_DOCUMENTATION_COMMENTS = YES;
				CLANG_WARN_EMPTY_BODY = YES;
				CLANG_WARN_ENUM_CONVERSION = YES;
				CLANG_WARN_INFINITE_RECURSION = YES;
				CLANG_WARN_INT_CONVERSION = YES;
				CLANG_WARN_NON_LITERAL_NULL_CONVERSION = YES;
				CLANG_WARN_OBJC_IMPLICIT_RETAIN_SELF = YES;
				CLANG_WARN_OBJC_LITERAL_CONVERSION = YES;
				CLANG_WARN_OBJC_ROOT_CLASS = YES_ERROR;
				CLANG_WARN_RANGE_LOOP_ANALYSIS = YES;
				CLANG_WARN_STRICT_PROTOTYPES = YES;
				CLANG_WARN_SUSPICIOUS_MOVE = YES;
				CLANG_WARN_UNGUARDED_AVAILABILITY = YES_AGGRESSIVE;
				CLANG_WARN_UNREACHABLE_CODE = YES;
				CLANG_WARN__DUPLICATE_METHOD_MATCH = YES;
				COPY_PHASE_STRIP = NO;
				DEBUG_INFORMATION_FORMAT = dwarf;
				ENABLE_STRICT_OBJC_MSGSEND = YES;
				ENABLE_TESTABILITY = YES;
				GCC_C_LANGUAGE_STANDARD = gnu11;
				GCC_DYNAMIC_NO_PIC = NO;
				GCC_NO_COMMON_BLOCKS = YES;
				GCC_OPTIMIZATION_LEVEL = 0;
				GCC_PREPROCESSOR_DEFINITIONS = (
					"DEBUG=1",
					"$(inherited)",
				);
				GCC_WARN_64_TO_32_BIT_CONVERSION = YES;
				GCC_WARN_ABOUT_RETURN_TYPE = YES_ERROR;
				GCC_WARN_UNDECLARED_SELECTOR = YES;
				GCC_WARN_UNINITIALIZED_AUTOS = YES_AGGRESSIVE;
				GCC_WARN_UNUSED_FUNCTION = YES;
				GCC_WARN_UNUSED_VARIABLE = YES;
				IPHONEOS_DEPLOYMENT_TARGET = 13.0;
				MTL_ENABLE_DEBUG_INFO = INCLUDE_SOURCE;
				MTL_FAST_MATH = YES;
				ONLY_ACTIVE_ARCH = YES;
				SDKROOT = iphoneos;
				SWIFT_ACTIVE_COMPILATION_CONDITIONS = DEBUG;
				SWIFT_OPTIMIZATION_LEVEL = "-Onone";
			};
			name = Debug;
		};
		D3C4BE8823679CE500318985 /* Release */ = {
			isa = XCBuildConfiguration;
			buildSettings = {
				ALWAYS_SEARCH_USER_PATHS = NO;
				CLANG_ANALYZER_NONNULL = YES;
				CLANG_ANALYZER_NUMBER_OBJECT_CONVERSION = YES_AGGRESSIVE;
				CLANG_CXX_LANGUAGE_STANDARD = "gnu++14";
				CLANG_CXX_LIBRARY = "libc++";
				CLANG_ENABLE_MODULES = YES;
				CLANG_ENABLE_OBJC_ARC = YES;
				CLANG_ENABLE_OBJC_WEAK = YES;
				CLANG_WARN_BLOCK_CAPTURE_AUTORELEASING = YES;
				CLANG_WARN_BOOL_CONVERSION = YES;
				CLANG_WARN_COMMA = YES;
				CLANG_WARN_CONSTANT_CONVERSION = YES;
				CLANG_WARN_DEPRECATED_OBJC_IMPLEMENTATIONS = YES;
				CLANG_WARN_DIRECT_OBJC_ISA_USAGE = YES_ERROR;
				CLANG_WARN_DOCUMENTATION_COMMENTS = YES;
				CLANG_WARN_EMPTY_BODY = YES;
				CLANG_WARN_ENUM_CONVERSION = YES;
				CLANG_WARN_INFINITE_RECURSION = YES;
				CLANG_WARN_INT_CONVERSION = YES;
				CLANG_WARN_NON_LITERAL_NULL_CONVERSION = YES;
				CLANG_WARN_OBJC_IMPLICIT_RETAIN_SELF = YES;
				CLANG_WARN_OBJC_LITERAL_CONVERSION = YES;
				CLANG_WARN_OBJC_ROOT_CLASS = YES_ERROR;
				CLANG_WARN_RANGE_LOOP_ANALYSIS = YES;
				CLANG_WARN_STRICT_PROTOTYPES = YES;
				CLANG_WARN_SUSPICIOUS_MOVE = YES;
				CLANG_WARN_UNGUARDED_AVAILABILITY = YES_AGGRESSIVE;
				CLANG_WARN_UNREACHABLE_CODE = YES;
				CLANG_WARN__DUPLICATE_METHOD_MATCH = YES;
				COPY_PHASE_STRIP = NO;
				DEBUG_INFORMATION_FORMAT = "dwarf-with-dsym";
				ENABLE_NS_ASSERTIONS = NO;
				ENABLE_STRICT_OBJC_MSGSEND = YES;
				GCC_C_LANGUAGE_STANDARD = gnu11;
				GCC_NO_COMMON_BLOCKS = YES;
				GCC_WARN_64_TO_32_BIT_CONVERSION = YES;
				GCC_WARN_ABOUT_RETURN_TYPE = YES_ERROR;
				GCC_WARN_UNDECLARED_SELECTOR = YES;
				GCC_WARN_UNINITIALIZED_AUTOS = YES_AGGRESSIVE;
				GCC_WARN_UNUSED_FUNCTION = YES;
				GCC_WARN_UNUSED_VARIABLE = YES;
				IPHONEOS_DEPLOYMENT_TARGET = 13.0;
				MTL_ENABLE_DEBUG_INFO = NO;
				MTL_FAST_MATH = YES;
				SDKROOT = iphoneos;
				SWIFT_COMPILATION_MODE = wholemodule;
				SWIFT_OPTIMIZATION_LEVEL = "-O";
				VALIDATE_PRODUCT = YES;
			};
			name = Release;
		};
		D3C4BE8A23679CE500318985 /* Debug */ = {
			isa = XCBuildConfiguration;
			buildSettings = {
				ASSETCATALOG_COMPILER_APPICON_NAME = AppIcon;
				CODE_SIGN_STYLE = Automatic;
				DEVELOPMENT_ASSET_PATHS = "\"BreakpointOnError/Preview Content\"";
				DEVELOPMENT_TEAM = U36872D6G6;
				ENABLE_PREVIEWS = YES;
				INFOPLIST_FILE = BreakpointOnError/Info.plist;
				LD_RUNPATH_SEARCH_PATHS = (
					"$(inherited)",
					"@executable_path/Frameworks",
				);
				PRODUCT_BUNDLE_IDENTIFIER = com.github.albertopeam.BreakpointOnError;
				PRODUCT_NAME = "$(TARGET_NAME)";
				SWIFT_VERSION = 5.0;
				TARGETED_DEVICE_FAMILY = "1,2";
			};
			name = Debug;
		};
		D3C4BE8B23679CE500318985 /* Release */ = {
			isa = XCBuildConfiguration;
			buildSettings = {
				ASSETCATALOG_COMPILER_APPICON_NAME = AppIcon;
				CODE_SIGN_STYLE = Automatic;
				DEVELOPMENT_ASSET_PATHS = "\"BreakpointOnError/Preview Content\"";
				DEVELOPMENT_TEAM = U36872D6G6;
				ENABLE_PREVIEWS = YES;
				INFOPLIST_FILE = BreakpointOnError/Info.plist;
				LD_RUNPATH_SEARCH_PATHS = (
					"$(inherited)",
					"@executable_path/Frameworks",
				);
				PRODUCT_BUNDLE_IDENTIFIER = com.github.albertopeam.BreakpointOnError;
				PRODUCT_NAME = "$(TARGET_NAME)";
				SWIFT_VERSION = 5.0;
				TARGETED_DEVICE_FAMILY = "1,2";
			};
			name = Release;
		};
/* End XCBuildConfiguration section */

/* Begin XCConfigurationList section */
		D3C4BE7023679CE400318985 /* Build configuration list for PBXProject "BreakpointOnError" */ = {
			isa = XCConfigurationList;
			buildConfigurations = (
				D3C4BE8723679CE500318985 /* Debug */,
				D3C4BE8823679CE500318985 /* Release */,
			);
			defaultConfigurationIsVisible = 0;
			defaultConfigurationName = Release;
		};
		D3C4BE8923679CE500318985 /* Build configuration list for PBXNativeTarget "BreakpointOnError" */ = {
			isa = XCConfigurationList;
			buildConfigurations = (
				D3C4BE8A23679CE500318985 /* Debug */,
				D3C4BE8B23679CE500318985 /* Release */,
			);
			defaultConfigurationIsVisible = 0;
			defaultConfigurationName = Release;
		};
/* End XCConfigurationList section */
	};
	rootObject = D3C4BE6D23679CE400318985 /* Project object */;
}
